// !$*UTF8*$!
{
	archiveVersion = 1;
	classes = {
	};
	objectVersion = 50;
	objects = {

/* Begin PBXBuildFile section */
		BE97E05E216DE8C90042595E /* AppDelegate.swift in Sources */ = {isa = PBXBuildFile; fileRef = BE97E05D216DE8C90042595E /* AppDelegate.swift */; };
		BE97E060216DE8C90042595E /* ViewController.swift in Sources */ = {isa = PBXBuildFile; fileRef = BE97E05F216DE8C90042595E /* ViewController.swift */; };
		BE97E063216DE8C90042595E /* Main.storyboard in Resources */ = {isa = PBXBuildFile; fileRef = BE97E061216DE8C90042595E /* Main.storyboard */; };
		BE97E065216DE8CB0042595E /* Assets.xcassets in Resources */ = {isa = PBXBuildFile; fileRef = BE97E064216DE8CB0042595E /* Assets.xcassets */; };
		BE97E068216DE8CB0042595E /* LaunchScreen.storyboard in Resources */ = {isa = PBXBuildFile; fileRef = BE97E066216DE8CB0042595E /* LaunchScreen.storyboard */; };
		BE97E070216E32090042595E /* berdoa-pada-Allah-317oygjeaiy4gdfbmflzwg.jpg in Resources */ = {isa = PBXBuildFile; fileRef = BE97E06F216E32090042595E /* berdoa-pada-Allah-317oygjeaiy4gdfbmflzwg.jpg */; };
/* End PBXBuildFile section */

/* Begin PBXFileReference section */
		BE97E05A216DE8C90042595E /* surat pendek.app */ = {isa = PBXFileReference; explicitFileType = wrapper.application; includeInIndex = 0; path = "surat pendek.app"; sourceTree = BUILT_PRODUCTS_DIR; };
		BE97E05D216DE8C90042595E /* AppDelegate.swift */ = {isa = PBXFileReference; lastKnownFileType = sourcecode.swift; path = AppDelegate.swift; sourceTree = "<group>"; };
		BE97E05F216DE8C90042595E /* ViewController.swift */ = {isa = PBXFileReference; lastKnownFileType = sourcecode.swift; path = ViewController.swift; sourceTree = "<group>"; };
		BE97E062216DE8C90042595E /* Base */ = {isa = PBXFileReference; lastKnownFileType = file.storyboard; name = Base; path = Base.lproj/Main.storyboard; sourceTree = "<group>"; };
		BE97E064216DE8CB0042595E /* Assets.xcassets */ = {isa = PBXFileReference; lastKnownFileType = folder.assetcatalog; path = Assets.xcassets; sourceTree = "<group>"; };
		BE97E067216DE8CB0042595E /* Base */ = {isa = PBXFileReference; lastKnownFileType = file.storyboard; name = Base; path = Base.lproj/LaunchScreen.storyboard; sourceTree = "<group>"; };
		BE97E069216DE8CB0042595E /* Info.plist */ = {isa = PBXFileReference; lastKnownFileType = text.plist.xml; path = Info.plist; sourceTree = "<group>"; };
		BE97E06F216E32090042595E /* berdoa-pada-Allah-317oygjeaiy4gdfbmflzwg.jpg */ = {isa = PBXFileReference; lastKnownFileType = image.jpeg; path = "berdoa-pada-Allah-317oygjeaiy4gdfbmflzwg.jpg"; sourceTree = "<group>"; };
/* End PBXFileReference section */

/* Begin PBXFrameworksBuildPhase section */
		BE97E057216DE8C90042595E /* Frameworks */ = {
			isa = PBXFrameworksBuildPhase;
			buildActionMask = 2147483647;
			files = (
			);
			runOnlyForDeploymentPostprocessing = 0;
		};
/* End PBXFrameworksBuildPhase section */

/* Begin PBXGroup section */
		BE97E051216DE8C90042595E = {
			isa = PBXGroup;
			children = (
				BE97E06F216E32090042595E /* berdoa-pada-Allah-317oygjeaiy4gdfbmflzwg.jpg */,
				BE97E05C216DE8C90042595E /* surat pendek */,
				BE97E05B216DE8C90042595E /* Products */,
			);
			sourceTree = "<group>";
		};
		BE97E05B216DE8C90042595E /* Products */ = {
			isa = PBXGroup;
			children = (
				BE97E05A216DE8C90042595E /* surat pendek.app */,
			);
			name = Products;
			sourceTree = "<group>";
		};
		BE97E05C216DE8C90042595E /* surat pendek */ = {
			isa = PBXGroup;
			children = (
				BE97E05D216DE8C90042595E /* AppDelegate.swift */,
				BE97E05F216DE8C90042595E /* ViewController.swift */,
				BE97E061216DE8C90042595E /* Main.storyboard */,
				BE97E064216DE8CB0042595E /* Assets.xcassets */,
				BE97E066216DE8CB0042595E /* LaunchScreen.storyboard */,
				BE97E069216DE8CB0042595E /* Info.plist */,
			);
			path = "surat pendek";
			sourceTree = "<group>";
		};
/* End PBXGroup section */

/* Begin PBXNativeTarget section */
		BE97E059216DE8C90042595E /* surat pendek */ = {
			isa = PBXNativeTarget;
			buildConfigurationList = BE97E06C216DE8CB0042595E /* Build configuration list for PBXNativeTarget "surat pendek" */;
			buildPhases = (
				BE97E056216DE8C90042595E /* Sources */,
				BE97E057216DE8C90042595E /* Frameworks */,
				BE97E058216DE8C90042595E /* Resources */,
			);
			buildRules = (
			);
			dependencies = (
			);
			name = "surat pendek";
			productName = "surat pendek";
			productReference = BE97E05A216DE8C90042595E /* surat pendek.app */;
			productType = "com.apple.product-type.application";
		};
/* End PBXNativeTarget section */

/* Begin PBXProject section */
		BE97E052216DE8C90042595E /* Project object */ = {
			isa = PBXProject;
			attributes = {
				LastSwiftUpdateCheck = 0940;
				LastUpgradeCheck = 0940;
				ORGANIZATIONNAME = "iqbal project";
				TargetAttributes = {
					BE97E059216DE8C90042595E = {
						CreatedOnToolsVersion = 9.4;
					};
				};
			};
			buildConfigurationList = BE97E055216DE8C90042595E /* Build configuration list for PBXProject "dzikir pagi petang" */;
			compatibilityVersion = "Xcode 9.3";
			developmentRegion = en;
			hasScannedForEncodings = 0;
			knownRegions = (
				en,
				Base,
			);
			mainGroup = BE97E051216DE8C90042595E;
			productRefGroup = BE97E05B216DE8C90042595E /* Products */;
			projectDirPath = "";
			projectRoot = "";
			targets = (
				BE97E059216DE8C90042595E /* surat pendek */,
			);
		};
/* End PBXProject section */

/* Begin PBXResourcesBuildPhase section */
		BE97E058216DE8C90042595E /* Resources */ = {
			isa = PBXResourcesBuildPhase;
			buildActionMask = 2147483647;
			files = (
				BE97E070216E32090042595E /* berdoa-pada-Allah-317oygjeaiy4gdfbmflzwg.jpg in Resources */,
				BE97E068216DE8CB0042595E /* LaunchScreen.storyboard in Resources */,
				BE97E065216DE8CB0042595E /* Assets.xcassets in Resources */,
				BE97E063216DE8C90042595E /* Main.storyboard in Resources */,
			);
			runOnlyForDeploymentPostprocessing = 0;
		};
/* End PBXResourcesBuildPhase section */

/* Begin PBXSourcesBuildPhase section */
		BE97E056216DE8C90042595E /* Sources */ = {
			isa = PBXSourcesBuildPhase;
			buildActionMask = 2147483647;
			files = (
				BE97E060216DE8C90042595E /* ViewController.swift in Sources */,
				BE97E05E216DE8C90042595E /* AppDelegate.swift in Sources */,
			);
			runOnlyForDeploymentPostprocessing = 0;
		};
/* End PBXSourcesBuildPhase section */

/* Begin PBXVariantGroup section */
		BE97E061216DE8C90042595E /* Main.storyboard */ = {
			isa = PBXVariantGroup;
			children = (
				BE97E062216DE8C90042595E /* Base */,
			);
			name = Main.storyboard;
			sourceTree = "<group>";
		};
		BE97E066216DE8CB0042595E /* LaunchScreen.storyboard */ = {
			isa = PBXVariantGroup;
			children = (
				BE97E067216DE8CB0042595E /* Base */,
			);
			name = LaunchScreen.storyboard;
			sourceTree = "<group>";
		};
/* End PBXVariantGroup section */

/* Begin XCBuildConfiguration section */
		BE97E06A216DE8CB0042595E /* Debug */ = {
			isa = XCBuildConfiguration;
			buildSettings = {
				ALWAYS_SEARCH_USER_PATHS = NO;
				CLANG_ANALYZER_NONNULL = YES;
				CLANG_ANALYZER_NUMBER_OBJECT_CONVERSION = YES_AGGRESSIVE;
				CLANG_CXX_LANGUAGE_STANDARD = "gnu++14";
				CLANG_CXX_LIBRARY = "libc++";
				CLANG_ENABLE_MODULES = YES;
				CLANG_ENABLE_OBJC_ARC = YES;
				CLANG_ENABLE_OBJC_WEAK = YES;
				CLANG_WARN_BLOCK_CAPTURE_AUTORELEASING = YES;
				CLANG_WARN_BOOL_CONVERSION = YES;
				CLANG_WARN_COMMA = YES;
				CLANG_WARN_CONSTANT_CONVERSION = YES;
				CLANG_WARN_DEPRECATED_OBJC_IMPLEMENTATIONS = YES;
				CLANG_WARN_DIRECT_OBJC_ISA_USAGE = YES_ERROR;
				CLANG_WARN_DOCUMENTATION_COMMENTS = YES;
				CLANG_WARN_EMPTY_BODY = YES;
				CLANG_WARN_ENUM_CONVERSION = YES;
				CLANG_WARN_INFINITE_RECURSION = YES;
				CLANG_WARN_INT_CONVERSION = YES;
				CLANG_WARN_NON_LITERAL_NULL_CONVERSION = YES;
				CLANG_WARN_OBJC_IMPLICIT_RETAIN_SELF = YES;
				CLANG_WARN_OBJC_LITERAL_CONVERSION = YES;
				CLANG_WARN_OBJC_ROOT_CLASS = YES_ERROR;
				CLANG_WARN_RANGE_LOOP_ANALYSIS = YES;
				CLANG_WARN_STRICT_PROTOTYPES = YES;
				CLANG_WARN_SUSPICIOUS_MOVE = YES;
				CLANG_WARN_UNGUARDED_AVAILABILITY = YES_AGGRESSIVE;
				CLANG_WARN_UNREACHABLE_CODE = YES;
				CLANG_WARN__DUPLICATE_METHOD_MATCH = YES;
				CODE_SIGN_IDENTITY = "iPhone Developer";
				COPY_PHASE_STRIP = NO;
				DEBUG_INFORMATION_FORMAT = dwarf;
				ENABLE_STRICT_OBJC_MSGSEND = YES;
				ENABLE_TESTABILITY = YES;
				GCC_C_LANGUAGE_STANDARD = gnu11;
				GCC_DYNAMIC_NO_PIC = NO;
				GCC_NO_COMMON_BLOCKS = YES;
				GCC_OPTIMIZATION_LEVEL = 0;
				GCC_PREPROCESSOR_DEFINITIONS = (
					"DEBUG=1",
					"$(inherited)",
				);
				GCC_WARN_64_TO_32_BIT_CONVERSION = YES;
				GCC_WARN_ABOUT_RETURN_TYPE = YES_ERROR;
				GCC_WARN_UNDECLARED_SELECTOR = YES;
				GCC_WARN_UNINITIALIZED_AUTOS = YES_AGGRESSIVE;
				GCC_WARN_UNUSED_FUNCTION = YES;
				GCC_WARN_UNUSED_VARIABLE = YES;
				IPHONEOS_DEPLOYMENT_TARGET = 11.4;
				MTL_ENABLE_DEBUG_INFO = YES;
				ONLY_ACTIVE_ARCH = YES;
				SDKROOT = iphoneos;
				SWIFT_ACTIVE_COMPILATION_CONDITIONS = DEBUG;
				SWIFT_OPTIMIZATION_LEVEL = "-Onone";
			};
			name = Debug;
		};
		BE97E06B216DE8CB0042595E /* Release */ = {
			isa = XCBuildConfiguration;
			buildSettings = {
				ALWAYS_SEARCH_USER_PATHS = NO;
				CLANG_ANALYZER_NONNULL = YES;
				CLANG_ANALYZER_NUMBER_OBJECT_CONVERSION = YES_AGGRESSIVE;
				CLANG_CXX_LANGUAGE_STANDARD = "gnu++14";
				CLANG_CXX_LIBRARY = "libc++";
				CLANG_ENABLE_MODULES = YES;
				CLANG_ENABLE_OBJC_ARC = YES;
				CLANG_ENABLE_OBJC_WEAK = YES;
				CLANG_WARN_BLOCK_CAPTURE_AUTORELEASING = YES;
				CLANG_WARN_BOOL_CONVERSION = YES;
				CLANG_WARN_COMMA = YES;
				CLANG_WARN_CONSTANT_CONVERSION = YES;
				CLANG_WARN_DEPRECATED_OBJC_IMPLEMENTATIONS = YES;
				CLANG_WARN_DIRECT_OBJC_ISA_USAGE = YES_ERROR;
				CLANG_WARN_DOCUMENTATION_COMMENTS = YES;
				CLANG_WARN_EMPTY_BODY = YES;
				CLANG_WARN_ENUM_CONVERSION = YES;
				CLANG_WARN_INFINITE_RECURSION = YES;
				CLANG_WARN_INT_CONVERSION = YES;
				CLANG_WARN_NON_LITERAL_NULL_CONVERSION = YES;
				CLANG_WARN_OBJC_IMPLICIT_RETAIN_SELF = YES;
				CLANG_WARN_OBJC_LITERAL_CONVERSION = YES;
				CLANG_WARN_OBJC_ROOT_CLASS = YES_ERROR;
				CLANG_WARN_RANGE_LOOP_ANALYSIS = YES;
				CLANG_WARN_STRICT_PROTOTYPES = YES;
				CLANG_WARN_SUSPICIOUS_MOVE = YES;
				CLANG_WARN_UNGUARDED_AVAILABILITY = YES_AGGRESSIVE;
				CLANG_WARN_UNREACHABLE_CODE = YES;
				CLANG_WARN__DUPLICATE_METHOD_MATCH = YES;
				CODE_SIGN_IDENTITY = "iPhone Developer";
				COPY_PHASE_STRIP = NO;
				DEBUG_INFORMATION_FORMAT = "dwarf-with-dsym";
				ENABLE_NS_ASSERTIONS = NO;
				ENABLE_STRICT_OBJC_MSGSEND = YES;
				GCC_C_LANGUAGE_STANDARD = gnu11;
				GCC_NO_COMMON_BLOCKS = YES;
				GCC_WARN_64_TO_32_BIT_CONVERSION = YES;
				GCC_WARN_ABOUT_RETURN_TYPE = YES_ERROR;
				GCC_WARN_UNDECLARED_SELECTOR = YES;
				GCC_WARN_UNINITIALIZED_AUTOS = YES_AGGRESSIVE;
				GCC_WARN_UNUSED_FUNCTION = YES;
				GCC_WARN_UNUSED_VARIABLE = YES;
				IPHONEOS_DEPLOYMENT_TARGET = 11.4;
				MTL_ENABLE_DEBUG_INFO = NO;
				SDKROOT = iphoneos;
				SWIFT_COMPILATION_MODE = wholemodule;
				SWIFT_OPTIMIZATION_LEVEL = "-O";
				VALIDATE_PRODUCT = YES;
			};
			name = Release;
		};
		BE97E06D216DE8CB0042595E /* Debug */ = {
			isa = XCBuildConfiguration;
			buildSettings = {
				ASSETCATALOG_COMPILER_APPICON_NAME = AppIcon;
				CODE_SIGN_STYLE = Automatic;
				INFOPLIST_FILE = "surat pendek/Info.plist";
				LD_RUNPATH_SEARCH_PATHS = (
					"$(inherited)",
					"@executable_path/Frameworks",
				);
				PRODUCT_BUNDLE_IDENTIFIER = "Iqbal.surat-pendek";
				PRODUCT_NAME = "$(TARGET_NAME)";
				SWIFT_VERSION = 4.0;
				TARGETED_DEVICE_FAMILY = "1,2";
			};
			name = Debug;
		};
		BE97E06E216DE8CB0042595E /* Release */ = {
			isa = XCBuildConfiguration;
			buildSettings = {
				ASSETCATALOG_COMPILER_APPICON_NAME = AppIcon;
				CODE_SIGN_STYLE = Automatic;
				INFOPLIST_FILE = "surat pendek/Info.plist";
				LD_RUNPATH_SEARCH_PATHS = (
					"$(inherited)",
					"@executable_path/Frameworks",
				);
				PRODUCT_BUNDLE_IDENTIFIER = "Iqbal.surat-pendek";
				PRODUCT_NAME = "$(TARGET_NAME)";
				SWIFT_VERSION = 4.0;
				TARGETED_DEVICE_FAMILY = "1,2";
			};
			name = Release;
		};
/* End XCBuildConfiguration section */

/* Begin XCConfigurationList section */
		BE97E055216DE8C90042595E /* Build configuration list for PBXProject "dzikir pagi petang" */ = {
			isa = XCConfigurationList;
			buildConfigurations = (
				BE97E06A216DE8CB0042595E /* Debug */,
				BE97E06B216DE8CB0042595E /* Release */,
			);
			defaultConfigurationIsVisible = 0;
			defaultConfigurationName = Release;
		};
		BE97E06C216DE8CB0042595E /* Build configuration list for PBXNativeTarget "surat pendek" */ = {
			isa = XCConfigurationList;
			buildConfigurations = (
				BE97E06D216DE8CB0042595E /* Debug */,
				BE97E06E216DE8CB0042595E /* Release */,
			);
			defaultConfigurationIsVisible = 0;
			defaultConfigurationName = Release;
		};
/* End XCConfigurationList section */
	};
	rootObject = BE97E052216DE8C90042595E /* Project object */;
}
